// !$*UTF8*$!
{
	archiveVersion = 1;
	classes = {
	};
	objectVersion = 55;
	objects = {

/* Begin PBXBuildFile section */
		ED586AF12AA4B189002EEBC1 /* AppDelegate.swift in Sources */ = {isa = PBXBuildFile; fileRef = ED586AF02AA4B189002EEBC1 /* AppDelegate.swift */; };
		ED586AF32AA4B189002EEBC1 /* SceneDelegate.swift in Sources */ = {isa = PBXBuildFile; fileRef = ED586AF22AA4B189002EEBC1 /* SceneDelegate.swift */; };
		ED586AF52AA4B189002EEBC1 /* ViewController.swift in Sources */ = {isa = PBXBuildFile; fileRef = ED586AF42AA4B189002EEBC1 /* ViewController.swift */; };
		ED586AF82AA4B189002EEBC1 /* Main.storyboard in Resources */ = {isa = PBXBuildFile; fileRef = ED586AF62AA4B189002EEBC1 /* Main.storyboard */; };
		ED586AFA2AA4B18B002EEBC1 /* Assets.xcassets in Resources */ = {isa = PBXBuildFile; fileRef = ED586AF92AA4B18B002EEBC1 /* Assets.xcassets */; };
		ED586AFD2AA4B18B002EEBC1 /* LaunchScreen.storyboard in Resources */ = {isa = PBXBuildFile; fileRef = ED586AFB2AA4B18B002EEBC1 /* LaunchScreen.storyboard */; };
		ED586B072AA4CD59002EEBC1 /* bmi-2.png in Resources */ = {isa = PBXBuildFile; fileRef = ED586B062AA4CD59002EEBC1 /* bmi-2.png */; };
		ED8CEC0C2AA575020002D62D /* VideoViewController.swift in Sources */ = {isa = PBXBuildFile; fileRef = ED8CEC0B2AA575020002D62D /* VideoViewController.swift */; };
		ED8CEC142AA579270002D62D /* BMI.mp4 in Resources */ = {isa = PBXBuildFile; fileRef = ED8CEC132AA579260002D62D /* BMI.mp4 */; };
		ED8CEC162AA57CBC0002D62D /* click.png in Resources */ = {isa = PBXBuildFile; fileRef = ED8CEC152AA57CBC0002D62D /* click.png */; };
		ED8CEC182AA593540002D62D /* WebViewController.swift in Sources */ = {isa = PBXBuildFile; fileRef = ED8CEC172AA593540002D62D /* WebViewController.swift */; };
/* End PBXBuildFile section */

/* Begin PBXFileReference section */
		ED586AED2AA4B189002EEBC1 /* BMI.app */ = {isa = PBXFileReference; explicitFileType = wrapper.application; includeInIndex = 0; path = BMI.app; sourceTree = BUILT_PRODUCTS_DIR; };
		ED586AF02AA4B189002EEBC1 /* AppDelegate.swift */ = {isa = PBXFileReference; lastKnownFileType = sourcecode.swift; path = AppDelegate.swift; sourceTree = "<group>"; };
		ED586AF22AA4B189002EEBC1 /* SceneDelegate.swift */ = {isa = PBXFileReference; lastKnownFileType = sourcecode.swift; path = SceneDelegate.swift; sourceTree = "<group>"; };
		ED586AF42AA4B189002EEBC1 /* ViewController.swift */ = {isa = PBXFileReference; lastKnownFileType = sourcecode.swift; path = ViewController.swift; sourceTree = "<group>"; };
		ED586AF72AA4B189002EEBC1 /* Base */ = {isa = PBXFileReference; lastKnownFileType = file.storyboard; name = Base; path = Base.lproj/Main.storyboard; sourceTree = "<group>"; };
		ED586AF92AA4B18B002EEBC1 /* Assets.xcassets */ = {isa = PBXFileReference; lastKnownFileType = folder.assetcatalog; path = Assets.xcassets; sourceTree = "<group>"; };
		ED586AFC2AA4B18B002EEBC1 /* Base */ = {isa = PBXFileReference; lastKnownFileType = file.storyboard; name = Base; path = Base.lproj/LaunchScreen.storyboard; sourceTree = "<group>"; };
		ED586AFE2AA4B18B002EEBC1 /* Info.plist */ = {isa = PBXFileReference; lastKnownFileType = text.plist.xml; path = Info.plist; sourceTree = "<group>"; };
		ED586B062AA4CD59002EEBC1 /* bmi-2.png */ = {isa = PBXFileReference; lastKnownFileType = image.png; path = "bmi-2.png"; sourceTree = "<group>"; };
		ED8CEC0B2AA575020002D62D /* VideoViewController.swift */ = {isa = PBXFileReference; lastKnownFileType = sourcecode.swift; path = VideoViewController.swift; sourceTree = "<group>"; };
		ED8CEC132AA579260002D62D /* BMI.mp4 */ = {isa = PBXFileReference; lastKnownFileType = file; path = BMI.mp4; sourceTree = "<group>"; };
		ED8CEC152AA57CBC0002D62D /* click.png */ = {isa = PBXFileReference; lastKnownFileType = image.png; path = click.png; sourceTree = "<group>"; };
		ED8CEC172AA593540002D62D /* WebViewController.swift */ = {isa = PBXFileReference; lastKnownFileType = sourcecode.swift; path = WebViewController.swift; sourceTree = "<group>"; };
/* End PBXFileReference section */

/* Begin PBXFrameworksBuildPhase section */
		ED586AEA2AA4B189002EEBC1 /* Frameworks */ = {
			isa = PBXFrameworksBuildPhase;
			buildActionMask = 2147483647;
			files = (
			);
			runOnlyForDeploymentPostprocessing = 0;
		};
/* End PBXFrameworksBuildPhase section */

/* Begin PBXGroup section */
		ED586AE42AA4B188002EEBC1 = {
			isa = PBXGroup;
			children = (
				ED586AEF2AA4B189002EEBC1 /* BMI */,
				ED586AEE2AA4B189002EEBC1 /* Products */,
			);
			sourceTree = "<group>";
		};
		ED586AEE2AA4B189002EEBC1 /* Products */ = {
			isa = PBXGroup;
			children = (
				ED586AED2AA4B189002EEBC1 /* BMI.app */,
			);
			name = Products;
			sourceTree = "<group>";
		};
		ED586AEF2AA4B189002EEBC1 /* BMI */ = {
			isa = PBXGroup;
			children = (
				ED586AF02AA4B189002EEBC1 /* AppDelegate.swift */,
				ED586AF22AA4B189002EEBC1 /* SceneDelegate.swift */,
				ED586AF42AA4B189002EEBC1 /* ViewController.swift */,
				ED586AF62AA4B189002EEBC1 /* Main.storyboard */,
				ED8CEC172AA593540002D62D /* WebViewController.swift */,
				ED8CEC0B2AA575020002D62D /* VideoViewController.swift */,
				ED586AF92AA4B18B002EEBC1 /* Assets.xcassets */,
				ED8CEC152AA57CBC0002D62D /* click.png */,
				ED8CEC132AA579260002D62D /* BMI.mp4 */,
				ED586B062AA4CD59002EEBC1 /* bmi-2.png */,
				ED586AFB2AA4B18B002EEBC1 /* LaunchScreen.storyboard */,
				ED586AFE2AA4B18B002EEBC1 /* Info.plist */,
			);
			path = BMI;
			sourceTree = "<group>";
		};
/* End PBXGroup section */

/* Begin PBXNativeTarget section */
		ED586AEC2AA4B189002EEBC1 /* BMI */ = {
			isa = PBXNativeTarget;
			buildConfigurationList = ED586B012AA4B18B002EEBC1 /* Build configuration list for PBXNativeTarget "BMI" */;
			buildPhases = (
				ED586AE92AA4B189002EEBC1 /* Sources */,
				ED586AEA2AA4B189002EEBC1 /* Frameworks */,
				ED586AEB2AA4B189002EEBC1 /* Resources */,
			);
			buildRules = (
			);
			dependencies = (
			);
			name = BMI;
			productName = BMI;
			productReference = ED586AED2AA4B189002EEBC1 /* BMI.app */;
			productType = "com.apple.product-type.application";
		};
/* End PBXNativeTarget section */

/* Begin PBXProject section */
		ED586AE52AA4B188002EEBC1 /* Project object */ = {
			isa = PBXProject;
			attributes = {
				BuildIndependentTargetsInParallel = 1;
				LastSwiftUpdateCheck = 1320;
				LastUpgradeCheck = 1320;
				TargetAttributes = {
					ED586AEC2AA4B189002EEBC1 = {
						CreatedOnToolsVersion = 13.2.1;
					};
				};
			};
			buildConfigurationList = ED586AE82AA4B188002EEBC1 /* Build configuration list for PBXProject "BMI" */;
			compatibilityVersion = "Xcode 13.0";
			developmentRegion = en;
			hasScannedForEncodings = 0;
			knownRegions = (
				en,
				Base,
			);
			mainGroup = ED586AE42AA4B188002EEBC1;
			productRefGroup = ED586AEE2AA4B189002EEBC1 /* Products */;
			projectDirPath = "";
			projectRoot = "";
			targets = (
				ED586AEC2AA4B189002EEBC1 /* BMI */,
			);
		};
/* End PBXProject section */

/* Begin PBXResourcesBuildPhase section */
		ED586AEB2AA4B189002EEBC1 /* Resources */ = {
			isa = PBXResourcesBuildPhase;
			buildActionMask = 2147483647;
			files = (
				ED8CEC162AA57CBC0002D62D /* click.png in Resources */,
				ED586AFD2AA4B18B002EEBC1 /* LaunchScreen.storyboard in Resources */,
				ED586AFA2AA4B18B002EEBC1 /* Assets.xcassets in Resources */,
				ED586AF82AA4B189002EEBC1 /* Main.storyboard in Resources */,
				ED586B072AA4CD59002EEBC1 /* bmi-2.png in Resources */,
				ED8CEC142AA579270002D62D /* BMI.mp4 in Resources */,
			);
			runOnlyForDeploymentPostprocessing = 0;
		};
/* End PBXResourcesBuildPhase section */

/* Begin PBXSourcesBuildPhase section */
		ED586AE92AA4B189002EEBC1 /* Sources */ = {
			isa = PBXSourcesBuildPhase;
			buildActionMask = 2147483647;
			files = (
				ED586AF52AA4B189002EEBC1 /* ViewController.swift in Sources */,
				ED586AF12AA4B189002EEBC1 /* AppDelegate.swift in Sources */,
				ED8CEC0C2AA575020002D62D /* VideoViewController.swift in Sources */,
				ED8CEC182AA593540002D62D /* WebViewController.swift in Sources */,
				ED586AF32AA4B189002EEBC1 /* SceneDelegate.swift in Sources */,
			);
			runOnlyForDeploymentPostprocessing = 0;
		};
/* End PBXSourcesBuildPhase section */

/* Begin PBXVariantGroup section */
		ED586AF62AA4B189002EEBC1 /* Main.storyboard */ = {
			isa = PBXVariantGroup;
			children = (
				ED586AF72AA4B189002EEBC1 /* Base */,
			);
			name = Main.storyboard;
			sourceTree = "<group>";
		};
		ED586AFB2AA4B18B002EEBC1 /* LaunchScreen.storyboard */ = {
			isa = PBXVariantGroup;
			children = (
				ED586AFC2AA4B18B002EEBC1 /* Base */,
			);
			name = LaunchScreen.storyboard;
			sourceTree = "<group>";
		};
/* End PBXVariantGroup section */

/* Begin XCBuildConfiguration section */
		ED586AFF2AA4B18B002EEBC1 /* Debug */ = {
			isa = XCBuildConfiguration;
			buildSettings = {
				ALWAYS_SEARCH_USER_PATHS = NO;
				CLANG_ANALYZER_NONNULL = YES;
				CLANG_ANALYZER_NUMBER_OBJECT_CONVERSION = YES_AGGRESSIVE;
				CLANG_CXX_LANGUAGE_STANDARD = "gnu++17";
				CLANG_CXX_LIBRARY = "libc++";
				CLANG_ENABLE_MODULES = YES;
				CLANG_ENABLE_OBJC_ARC = YES;
				CLANG_ENABLE_OBJC_WEAK = YES;
				CLANG_WARN_BLOCK_CAPTURE_AUTORELEASING = YES;
				CLANG_WARN_BOOL_CONVERSION = YES;
				CLANG_WARN_COMMA = YES;
				CLANG_WARN_CONSTANT_CONVERSION = YES;
				CLANG_WARN_DEPRECATED_OBJC_IMPLEMENTATIONS = YES;
				CLANG_WARN_DIRECT_OBJC_ISA_USAGE = YES_ERROR;
				CLANG_WARN_DOCUMENTATION_COMMENTS = YES;
				CLANG_WARN_EMPTY_BODY = YES;
				CLANG_WARN_ENUM_CONVERSION = YES;
				CLANG_WARN_INFINITE_RECURSION = YES;
				CLANG_WARN_INT_CONVERSION = YES;
				CLANG_WARN_NON_LITERAL_NULL_CONVERSION = YES;
				CLANG_WARN_OBJC_IMPLICIT_RETAIN_SELF = YES;
				CLANG_WARN_OBJC_LITERAL_CONVERSION = YES;
				CLANG_WARN_OBJC_ROOT_CLASS = YES_ERROR;
				CLANG_WARN_QUOTED_INCLUDE_IN_FRAMEWORK_HEADER = YES;
				CLANG_WARN_RANGE_LOOP_ANALYSIS = YES;
				CLANG_WARN_STRICT_PROTOTYPES = YES;
				CLANG_WARN_SUSPICIOUS_MOVE = YES;
				CLANG_WARN_UNGUARDED_AVAILABILITY = YES_AGGRESSIVE;
				CLANG_WARN_UNREACHABLE_CODE = YES;
				CLANG_WARN__DUPLICATE_METHOD_MATCH = YES;
				COPY_PHASE_STRIP = NO;
				DEBUG_INFORMATION_FORMAT = dwarf;
				ENABLE_STRICT_OBJC_MSGSEND = YES;
				ENABLE_TESTABILITY = YES;
				GCC_C_LANGUAGE_STANDARD = gnu11;
				GCC_DYNAMIC_NO_PIC = NO;
				GCC_NO_COMMON_BLOCKS = YES;
				GCC_OPTIMIZATION_LEVEL = 0;
				GCC_PREPROCESSOR_DEFINITIONS = (
					"DEBUG=1",
					"$(inherited)",
				);
				GCC_WARN_64_TO_32_BIT_CONVERSION = YES;
				GCC_WARN_ABOUT_RETURN_TYPE = YES_ERROR;
				GCC_WARN_UNDECLARED_SELECTOR = YES;
				GCC_WARN_UNINITIALIZED_AUTOS = YES_AGGRESSIVE;
				GCC_WARN_UNUSED_FUNCTION = YES;
				GCC_WARN_UNUSED_VARIABLE = YES;
				IPHONEOS_DEPLOYMENT_TARGET = 15.2;
				MTL_ENABLE_DEBUG_INFO = INCLUDE_SOURCE;
				MTL_FAST_MATH = YES;
				ONLY_ACTIVE_ARCH = YES;
				SDKROOT = iphoneos;
				SWIFT_ACTIVE_COMPILATION_CONDITIONS = DEBUG;
				SWIFT_OPTIMIZATION_LEVEL = "-Onone";
			};
			name = Debug;
		};
		ED586B002AA4B18B002EEBC1 /* Release */ = {
			isa = XCBuildConfiguration;
			buildSettings = {
				ALWAYS_SEARCH_USER_PATHS = NO;
				CLANG_ANALYZER_NONNULL = YES;
				CLANG_ANALYZER_NUMBER_OBJECT_CONVERSION = YES_AGGRESSIVE;
				CLANG_CXX_LANGUAGE_STANDARD = "gnu++17";
				CLANG_CXX_LIBRARY = "libc++";
				CLANG_ENABLE_MODULES = YES;
				CLANG_ENABLE_OBJC_ARC = YES;
				CLANG_ENABLE_OBJC_WEAK = YES;
				CLANG_WARN_BLOCK_CAPTURE_AUTORELEASING = YES;
				CLANG_WARN_BOOL_CONVERSION = YES;
				CLANG_WARN_COMMA = YES;
				CLANG_WARN_CONSTANT_CONVERSION = YES;
				CLANG_WARN_DEPRECATED_OBJC_IMPLEMENTATIONS = YES;
				CLANG_WARN_DIRECT_OBJC_ISA_USAGE = YES_ERROR;
				CLANG_WARN_DOCUMENTATION_COMMENTS = YES;
				CLANG_WARN_EMPTY_BODY = YES;
				CLANG_WARN_ENUM_CONVERSION = YES;
				CLANG_WARN_INFINITE_RECURSION = YES;
				CLANG_WARN_INT_CONVERSION = YES;
				CLANG_WARN_NON_LITERAL_NULL_CONVERSION = YES;
				CLANG_WARN_OBJC_IMPLICIT_RETAIN_SELF = YES;
				CLANG_WARN_OBJC_LITERAL_CONVERSION = YES;
				CLANG_WARN_OBJC_ROOT_CLASS = YES_ERROR;
				CLANG_WARN_QUOTED_INCLUDE_IN_FRAMEWORK_HEADER = YES;
				CLANG_WARN_RANGE_LOOP_ANALYSIS = YES;
				CLANG_WARN_STRICT_PROTOTYPES = YES;
				CLANG_WARN_SUSPICIOUS_MOVE = YES;
				CLANG_WARN_UNGUARDED_AVAILABILITY = YES_AGGRESSIVE;
				CLANG_WARN_UNREACHABLE_CODE = YES;
				CLANG_WARN__DUPLICATE_METHOD_MATCH = YES;
				COPY_PHASE_STRIP = NO;
				DEBUG_INFORMATION_FORMAT = "dwarf-with-dsym";
				ENABLE_NS_ASSERTIONS = NO;
				ENABLE_STRICT_OBJC_MSGSEND = YES;
				GCC_C_LANGUAGE_STANDARD = gnu11;
				GCC_NO_COMMON_BLOCKS = YES;
				GCC_WARN_64_TO_32_BIT_CONVERSION = YES;
				GCC_WARN_ABOUT_RETURN_TYPE = YES_ERROR;
				GCC_WARN_UNDECLARED_SELECTOR = YES;
				GCC_WARN_UNINITIALIZED_AUTOS = YES_AGGRESSIVE;
				GCC_WARN_UNUSED_FUNCTION = YES;
				GCC_WARN_UNUSED_VARIABLE = YES;
				IPHONEOS_DEPLOYMENT_TARGET = 15.2;
				MTL_ENABLE_DEBUG_INFO = NO;
				MTL_FAST_MATH = YES;
				SDKROOT = iphoneos;
				SWIFT_COMPILATION_MODE = wholemodule;
				SWIFT_OPTIMIZATION_LEVEL = "-O";
				VALIDATE_PRODUCT = YES;
			};
			name = Release;
		};
		ED586B022AA4B18B002EEBC1 /* Debug */ = {
			isa = XCBuildConfiguration;
			buildSettings = {
				ASSETCATALOG_COMPILER_APPICON_NAME = AppIcon;
				ASSETCATALOG_COMPILER_GLOBAL_ACCENT_COLOR_NAME = AccentColor;
				CODE_SIGN_STYLE = Automatic;
				CURRENT_PROJECT_VERSION = 1;
				GENERATE_INFOPLIST_FILE = YES;
				INFOPLIST_FILE = BMI/Info.plist;
				INFOPLIST_KEY_UIApplicationSupportsIndirectInputEvents = YES;
				INFOPLIST_KEY_UILaunchStoryboardName = LaunchScreen;
				INFOPLIST_KEY_UIMainStoryboardFile = Main;
				INFOPLIST_KEY_UISupportedInterfaceOrientations_iPad = "UIInterfaceOrientationPortrait UIInterfaceOrientationPortraitUpsideDown UIInterfaceOrientationLandscapeLeft UIInterfaceOrientationLandscapeRight";
				INFOPLIST_KEY_UISupportedInterfaceOrientations_iPhone = "UIInterfaceOrientationPortrait UIInterfaceOrientationLandscapeLeft UIInterfaceOrientationLandscapeRight";
				LD_RUNPATH_SEARCH_PATHS = (
					"$(inherited)",
					"@executable_path/Frameworks",
				);
				MARKETING_VERSION = 1.0;
				PRODUCT_BUNDLE_IDENTIFIER = woo.BMI;
				PRODUCT_NAME = "$(TARGET_NAME)";
				SWIFT_EMIT_LOC_STRINGS = YES;
				SWIFT_VERSION = 5.0;
				TARGETED_DEVICE_FAMILY = "1,2";
			};
			name = Debug;
		};
		ED586B032AA4B18B002EEBC1 /* Release */ = {
			isa = XCBuildConfiguration;
			buildSettings = {
				ASSETCATALOG_COMPILER_APPICON_NAME = AppIcon;
				ASSETCATALOG_COMPILER_GLOBAL_ACCENT_COLOR_NAME = AccentColor;
				CODE_SIGN_STYLE = Automatic;
				CURRENT_PROJECT_VERSION = 1;
				GENERATE_INFOPLIST_FILE = YES;
				INFOPLIST_FILE = BMI/Info.plist;
				INFOPLIST_KEY_UIApplicationSupportsIndirectInputEvents = YES;
				INFOPLIST_KEY_UILaunchStoryboardName = LaunchScreen;
				INFOPLIST_KEY_UIMainStoryboardFile = Main;
				INFOPLIST_KEY_UISupportedInterfaceOrientations_iPad = "UIInterfaceOrientationPortrait UIInterfaceOrientationPortraitUpsideDown UIInterfaceOrientationLandscapeLeft UIInterfaceOrientationLandscapeRight";
				INFOPLIST_KEY_UISupportedInterfaceOrientations_iPhone = "UIInterfaceOrientationPortrait UIInterfaceOrientationLandscapeLeft UIInterfaceOrientationLandscapeRight";
				LD_RUNPATH_SEARCH_PATHS = (
					"$(inherited)",
					"@executable_path/Frameworks",
				);
				MARKETING_VERSION = 1.0;
				PRODUCT_BUNDLE_IDENTIFIER = woo.BMI;
				PRODUCT_NAME = "$(TARGET_NAME)";
				SWIFT_EMIT_LOC_STRINGS = YES;
				SWIFT_VERSION = 5.0;
				TARGETED_DEVICE_FAMILY = "1,2";
			};
			name = Release;
		};
/* End XCBuildConfiguration section */

/* Begin XCConfigurationList section */
		ED586AE82AA4B188002EEBC1 /* Build configuration list for PBXProject "BMI" */ = {
			isa = XCConfigurationList;
			buildConfigurations = (
				ED586AFF2AA4B18B002EEBC1 /* Debug */,
				ED586B002AA4B18B002EEBC1 /* Release */,
			);
			defaultConfigurationIsVisible = 0;
			defaultConfigurationName = Release;
		};
		ED586B012AA4B18B002EEBC1 /* Build configuration list for PBXNativeTarget "BMI" */ = {
			isa = XCConfigurationList;
			buildConfigurations = (
				ED586B022AA4B18B002EEBC1 /* Debug */,
				ED586B032AA4B18B002EEBC1 /* Release */,
			);
			defaultConfigurationIsVisible = 0;
			defaultConfigurationName = Release;
		};
/* End XCConfigurationList section */
	};
	rootObject = ED586AE52AA4B188002EEBC1 /* Project object */;
}
